{
  "requires": true,
  "lockfileVersion": 1,
  "dependencies": {
    "gitbook-plugin-panel": {
      "version": "0.0.1",
      "resolved": "https://registry.npm.taobao.org/gitbook-plugin-panel/download/gitbook-plugin-panel-0.0.1.tgz",
      "integrity": "sha1-y2hnL+milXMblt7nS0nK6TtCbZs="
    }
  }
}
